
Microsoft Visual Studio Solution File, Format Version 12.00
# Visual Studio Version 16
VisualStudioVersion = 16.0.31729.503
MinimumVisualStudioVersion = 10.0.40219.1
Project("{FAE04EC0-301F-11D3-BF4B-00C04F79EFBC}") = "Hehimtap", "Hehimtap\Hehimtap.csproj", "{35623BA2-0C44-4335-BCED-C5BF343FF415}"
EndProject
Global
	GlobalSection(SolutionConfigurationPlatforms) = preSolution
		Debug|Any CPU = Debug|Any CPU
		Release|Any CPU = Release|Any CPU
	EndGlobalSection
	GlobalSection(ProjectConfigurationPlatforms) = postSolution
		{35623BA2-0C44-4335-BCED-C5BF343FF415}.Debug|Any CPU.ActiveCfg = Debug|Any CPU
		{35623BA2-0C44-4335-BCED-C5BF343FF415}.Debug|Any CPU.Build.0 = Debug|Any CPU
		{35623BA2-0C44-4335-BCED-C5BF343FF415}.Release|Any CPU.ActiveCfg = Release|Any CPU
		{35623BA2-0C44-4335-BCED-C5BF343FF415}.Release|Any CPU.Build.0 = Release|Any CPU
	EndGlobalSection
	GlobalSection(SolutionProperties) = preSolution
		HideSolutionNode = FALSE
	EndGlobalSection
	GlobalSection(ExtensibilityGlobals) = postSolution
		SolutionGuid = {8D920230-71EA-4317-A58D-96408EC2BAFA}
	EndGlobalSection
EndGlobal
